lockfileVersion: '6.0'

settings:
  autoInstallPeers: true
  excludeLinksFromLockfile: false

dependencies:
  ics:
    specifier: ^2.44.0
    version: 2.44.0
  typescript:
    specifier: ^5.1.6
    version: 5.5.2

devDependencies:
  '@types/node':
    specifier: ^16.4.1
    version: 16.18.101

packages:
  /@babel/runtime@7.24.7:
    resolution:
      {
        integrity: sha512-UwgBRMjJP+xv857DCngvqXI3Iq6J4v0wXmwc6sapg+zyhbwmQX67LUEFrkK5tbyJ30jGuG3ZvWpBiB9LCy1kWw==,
      }
    engines: { node: '>=6.9.0' }
    dependencies:
      regenerator-runtime: 0.14.1
    dev: false

  /@types/lodash@4.17.5:
    resolution:
      {
        integrity: sha512-MBIOHVZqVqgfro1euRDWX7OO0fBVUUMrN6Pwm8LQsz8cWhEpihlvR70ENj3f40j58TNxZaWv2ndSkInykNBBJw==,
      }
    dev: false

  /@types/node@16.18.101:
    resolution:
      {
        integrity: sha512-AAsx9Rgz2IzG8KJ6tXd6ndNkVcu+GYB6U/SnFAaokSPNx2N7dcIIfnighYUNumvj6YS2q39Dejz5tT0NCV7CWA==,
      }
    dev: true

  /ics@2.44.0:
    resolution:
      {
        integrity: sha512-JeiPjNeWkd7Qri/wfHqjZCtglVwRJRqy1MEFKn9QzatzxUyCOsx4YARPlLkU8UnPxpg4VtEjR+VRUG+Cvj6bDg==,
      }
    dependencies:
      nanoid: 3.3.7
      yup: 0.32.11
    dev: false

  /lodash-es@4.17.21:
    resolution:
      {
        integrity: sha512-mKnC+QJ9pWVzv+C4/U3rRsHapFfHvQFoFB92e52xeyGMcX6/OlIl78je1u8vePzYZSkkogMPJ2yjxxsb89cxyw==,
      }
    dev: false

  /lodash@4.17.21:
    resolution:
      {
        integrity: sha512-v2kDEe57lecTulaDIuNTPy3Ry4gLGJ6Z1O3vE1krgXZNrsQ+LFTGHVxVjcXPs17LhbZVGedAJv8XZ1tvj5FvSg==,
      }
    dev: false

  /nanoclone@0.2.1:
    resolution:
      {
        integrity: sha512-wynEP02LmIbLpcYw8uBKpcfF6dmg2vcpKqxeH5UcoKEYdExslsdUA4ugFauuaeYdTB76ez6gJW8XAZ6CgkXYxA==,
      }
    dev: false

  /nanoid@3.3.7:
    resolution:
      {
        integrity: sha512-eSRppjcPIatRIMC1U6UngP8XFcz8MQWGQdt1MTBQ7NaAmvXDfvNxbvWV3x2y6CdEUciCSsDHDQZbhYaB8QEo2g==,
      }
    engines: { node: ^10 || ^12 || ^13.7 || ^14 || >=15.0.1 }
    hasBin: true
    dev: false

  /property-expr@2.0.6:
    resolution:
      {
        integrity: sha512-SVtmxhRE/CGkn3eZY1T6pC8Nln6Fr/lu1mKSgRud0eC73whjGfoAogbn78LkD8aFL0zz3bAFerKSnOl7NlErBA==,
      }
    dev: false

  /regenerator-runtime@0.14.1:
    resolution:
      {
        integrity: sha512-dYnhHh0nJoMfnkZs6GmmhFknAGRrLznOu5nc9ML+EJxGvrx6H7teuevqVqCuPcPK//3eDrrjQhehXVx9cnkGdw==,
      }
    dev: false

  /toposort@2.0.2:
    resolution:
      {
        integrity: sha512-0a5EOkAUp8D4moMi2W8ZF8jcga7BgZd91O/yabJCFY8az+XSzeGyTKs0Aoo897iV1Nj6guFq8orWDS96z91oGg==,
      }
    dev: false

  /typescript@5.5.2:
    resolution:
      {
        integrity: sha512-NcRtPEOsPFFWjobJEtfihkLCZCXZt/os3zf8nTxjVH3RvTSxjrCamJpbExGvYOF+tFHc3pA65qpdwPbzjohhew==,
      }
    engines: { node: '>=14.17' }
    hasBin: true
    dev: false

  /yup@0.32.11:
    resolution:
      {
        integrity: sha512-Z2Fe1bn+eLstG8DRR6FTavGD+MeAwyfmouhHsIUgaADz8jvFKbO/fXc2trJKZg+5EBjh4gGm3iU/t3onKlXHIg==,
      }
    engines: { node: '>=10' }
    dependencies:
      '@babel/runtime': 7.24.7
      '@types/lodash': 4.17.5
      lodash: 4.17.21
      lodash-es: 4.17.21
      nanoclone: 0.2.1
      property-expr: 2.0.6
      toposort: 2.0.2
    dev: false
